// !$*UTF8*$!
{
	archiveVersion = 1;
	classes = {
	};
	objectVersion = 48;
	objects = {

/* Begin PBXBuildFile section */
		46018A3E22817989000D7717 /* Artical.swift in Sources */ = {isa = PBXBuildFile; fileRef = 46018A3D22817989000D7717 /* Artical.swift */; };
		4640A8771EFF7E1E00258CDE /* AppDelegate.swift in Sources */ = {isa = PBXBuildFile; fileRef = 4640A8761EFF7E1E00258CDE /* AppDelegate.swift */; };
		4640A8791EFF7E1E00258CDE /* ViewController.swift in Sources */ = {isa = PBXBuildFile; fileRef = 4640A8781EFF7E1E00258CDE /* ViewController.swift */; };
		4640A87C1EFF7E1E00258CDE /* Main.storyboard in Resources */ = {isa = PBXBuildFile; fileRef = 4640A87A1EFF7E1E00258CDE /* Main.storyboard */; };
		4640A87E1EFF7E1E00258CDE /* Assets.xcassets in Resources */ = {isa = PBXBuildFile; fileRef = 4640A87D1EFF7E1E00258CDE /* Assets.xcassets */; };
		4640A8811EFF7E1E00258CDE /* LaunchScreen.storyboard in Resources */ = {isa = PBXBuildFile; fileRef = 4640A87F1EFF7E1E00258CDE /* LaunchScreen.storyboard */; };
		46D59544227866110033FA56 /* WebService.swift in Sources */ = {isa = PBXBuildFile; fileRef = 46D59543227866110033FA56 /* WebService.swift */; };
/* End PBXBuildFile section */

/* Begin PBXFileReference section */
		46018A3D22817989000D7717 /* Artical.swift */ = {isa = PBXFileReference; lastKnownFileType = sourcecode.swift; path = Artical.swift; sourceTree = "<group>"; };
		4640A8731EFF7E1E00258CDE /* YJRead.app */ = {isa = PBXFileReference; explicitFileType = wrapper.application; includeInIndex = 0; path = YJRead.app; sourceTree = BUILT_PRODUCTS_DIR; };
		4640A8761EFF7E1E00258CDE /* AppDelegate.swift */ = {isa = PBXFileReference; lastKnownFileType = sourcecode.swift; path = AppDelegate.swift; sourceTree = "<group>"; };
		4640A8781EFF7E1E00258CDE /* ViewController.swift */ = {isa = PBXFileReference; lastKnownFileType = sourcecode.swift; path = ViewController.swift; sourceTree = "<group>"; };
		4640A87B1EFF7E1E00258CDE /* Base */ = {isa = PBXFileReference; lastKnownFileType = file.storyboard; name = Base; path = Base.lproj/Main.storyboard; sourceTree = "<group>"; };
		4640A87D1EFF7E1E00258CDE /* Assets.xcassets */ = {isa = PBXFileReference; lastKnownFileType = folder.assetcatalog; path = Assets.xcassets; sourceTree = "<group>"; };
		4640A8801EFF7E1E00258CDE /* Base */ = {isa = PBXFileReference; lastKnownFileType = file.storyboard; name = Base; path = Base.lproj/LaunchScreen.storyboard; sourceTree = "<group>"; };
		4640A8821EFF7E1E00258CDE /* Info.plist */ = {isa = PBXFileReference; lastKnownFileType = text.plist.xml; path = Info.plist; sourceTree = "<group>"; };
		46D59543227866110033FA56 /* WebService.swift */ = {isa = PBXFileReference; lastKnownFileType = sourcecode.swift; path = WebService.swift; sourceTree = "<group>"; };
/* End PBXFileReference section */

/* Begin PBXFrameworksBuildPhase section */
		4640A8701EFF7E1E00258CDE /* Frameworks */ = {
			isa = PBXFrameworksBuildPhase;
			buildActionMask = 2147483647;
			files = (
			);
			runOnlyForDeploymentPostprocessing = 0;
		};
/* End PBXFrameworksBuildPhase section */

/* Begin PBXGroup section */
		4640A86A1EFF7E1E00258CDE = {
			isa = PBXGroup;
			children = (
				4640A8751EFF7E1E00258CDE /* YJRead */,
				4640A8741EFF7E1E00258CDE /* Products */,
			);
			sourceTree = "<group>";
		};
		4640A8741EFF7E1E00258CDE /* Products */ = {
			isa = PBXGroup;
			children = (
				4640A8731EFF7E1E00258CDE /* YJRead.app */,
			);
			name = Products;
			sourceTree = "<group>";
		};
		4640A8751EFF7E1E00258CDE /* YJRead */ = {
			isa = PBXGroup;
			children = (
				4640A8761EFF7E1E00258CDE /* AppDelegate.swift */,
				4640A8781EFF7E1E00258CDE /* ViewController.swift */,
				4640A87A1EFF7E1E00258CDE /* Main.storyboard */,
				4640A87D1EFF7E1E00258CDE /* Assets.xcassets */,
				4640A87F1EFF7E1E00258CDE /* LaunchScreen.storyboard */,
				4640A8821EFF7E1E00258CDE /* Info.plist */,
				46D59543227866110033FA56 /* WebService.swift */,
				46018A3D22817989000D7717 /* Artical.swift */,
			);
			path = YJRead;
			sourceTree = "<group>";
		};
/* End PBXGroup section */

/* Begin PBXNativeTarget section */
		4640A8721EFF7E1E00258CDE /* YJRead */ = {
			isa = PBXNativeTarget;
			buildConfigurationList = 4640A8851EFF7E1E00258CDE /* Build configuration list for PBXNativeTarget "YJRead" */;
			buildPhases = (
				4640A86F1EFF7E1E00258CDE /* Sources */,
				4640A8701EFF7E1E00258CDE /* Frameworks */,
				4640A8711EFF7E1E00258CDE /* Resources */,
			);
			buildRules = (
			);
			dependencies = (
			);
			name = YJRead;
			productName = YJRead;
			productReference = 4640A8731EFF7E1E00258CDE /* YJRead.app */;
			productType = "com.apple.product-type.application";
		};
/* End PBXNativeTarget section */

/* Begin PBXProject section */
		4640A86B1EFF7E1E00258CDE /* Project object */ = {
			isa = PBXProject;
			attributes = {
				LastSwiftUpdateCheck = 0900;
				LastUpgradeCheck = 0900;
				ORGANIZATIONNAME = mx_in;
				TargetAttributes = {
					4640A8721EFF7E1E00258CDE = {
						CreatedOnToolsVersion = 9.0;
					};
				};
			};
			buildConfigurationList = 4640A86E1EFF7E1E00258CDE /* Build configuration list for PBXProject "YJRead" */;
			compatibilityVersion = "Xcode 8.0";
			developmentRegion = en;
			hasScannedForEncodings = 0;
			knownRegions = (
				en,
				Base,
			);
			mainGroup = 4640A86A1EFF7E1E00258CDE;
			productRefGroup = 4640A8741EFF7E1E00258CDE /* Products */;
			projectDirPath = "";
			projectRoot = "";
			targets = (
				4640A8721EFF7E1E00258CDE /* YJRead */,
			);
		};
/* End PBXProject section */

/* Begin PBXResourcesBuildPhase section */
		4640A8711EFF7E1E00258CDE /* Resources */ = {
			isa = PBXResourcesBuildPhase;
			buildActionMask = 2147483647;
			files = (
				4640A8811EFF7E1E00258CDE /* LaunchScreen.storyboard in Resources */,
				4640A87E1EFF7E1E00258CDE /* Assets.xcassets in Resources */,
				4640A87C1EFF7E1E00258CDE /* Main.storyboard in Resources */,
			);
			runOnlyForDeploymentPostprocessing = 0;
		};
/* End PBXResourcesBuildPhase section */

/* Begin PBXSourcesBuildPhase section */
		4640A86F1EFF7E1E00258CDE /* Sources */ = {
			isa = PBXSourcesBuildPhase;
			buildActionMask = 2147483647;
			files = (
				46018A3E22817989000D7717 /* Artical.swift in Sources */,
				4640A8791EFF7E1E00258CDE /* ViewController.swift in Sources */,
				46D59544227866110033FA56 /* WebService.swift in Sources */,
				4640A8771EFF7E1E00258CDE /* AppDelegate.swift in Sources */,
			);
			runOnlyForDeploymentPostprocessing = 0;
		};
/* End PBXSourcesBuildPhase section */

/* Begin PBXVariantGroup section */
		4640A87A1EFF7E1E00258CDE /* Main.storyboard */ = {
			isa = PBXVariantGroup;
			children = (
				4640A87B1EFF7E1E00258CDE /* Base */,
			);
			name = Main.storyboard;
			sourceTree = "<group>";
		};
		4640A87F1EFF7E1E00258CDE /* LaunchScreen.storyboard */ = {
			isa = PBXVariantGroup;
			children = (
				4640A8801EFF7E1E00258CDE /* Base */,
			);
			name = LaunchScreen.storyboard;
			sourceTree = "<group>";
		};
/* End PBXVariantGroup section */

/* Begin XCBuildConfiguration section */
		4640A8831EFF7E1E00258CDE /* Debug */ = {
			isa = XCBuildConfiguration;
			buildSettings = {
				ALWAYS_SEARCH_USER_PATHS = NO;
				CLANG_ANALYZER_NONNULL = YES;
				CLANG_ANALYZER_NUMBER_OBJECT_CONVERSION = YES_AGGRESSIVE;
				CLANG_CXX_LANGUAGE_STANDARD = "gnu++14";
				CLANG_CXX_LIBRARY = "libc++";
				CLANG_ENABLE_MODULES = YES;
				CLANG_ENABLE_OBJC_ARC = YES;
				CLANG_WARN_BLOCK_CAPTURE_AUTORELEASING = YES;
				CLANG_WARN_BOOL_CONVERSION = YES;
				CLANG_WARN_COMMA = YES;
				CLANG_WARN_CONSTANT_CONVERSION = YES;
				CLANG_WARN_DIRECT_OBJC_ISA_USAGE = YES_ERROR;
				CLANG_WARN_DOCUMENTATION_COMMENTS = YES;
				CLANG_WARN_EMPTY_BODY = YES;
				CLANG_WARN_ENUM_CONVERSION = YES;
				CLANG_WARN_INFINITE_RECURSION = YES;
				CLANG_WARN_INT_CONVERSION = YES;
				CLANG_WARN_OBJC_ROOT_CLASS = YES_ERROR;
				CLANG_WARN_RANGE_LOOP_ANALYSIS = YES;
				CLANG_WARN_STRICT_PROTOTYPES = YES;
				CLANG_WARN_SUSPICIOUS_MOVE = YES;
				CLANG_WARN_UNGUARDED_AVAILABILITY = YES_AGGRESSIVE;
				CLANG_WARN_UNREACHABLE_CODE = YES;
				CLANG_WARN__DUPLICATE_METHOD_MATCH = YES;
				CODE_SIGN_IDENTITY = "iPhone Developer";
				COPY_PHASE_STRIP = NO;
				DEBUG_INFORMATION_FORMAT = dwarf;
				ENABLE_STRICT_OBJC_MSGSEND = YES;
				ENABLE_TESTABILITY = YES;
				GCC_C_LANGUAGE_STANDARD = gnu11;
				GCC_DYNAMIC_NO_PIC = NO;
				GCC_NO_COMMON_BLOCKS = YES;
				GCC_OPTIMIZATION_LEVEL = 0;
				GCC_PREPROCESSOR_DEFINITIONS = (
					"DEBUG=1",
					"$(inherited)",
				);
				GCC_WARN_64_TO_32_BIT_CONVERSION = YES;
				GCC_WARN_ABOUT_RETURN_TYPE = YES_ERROR;
				GCC_WARN_UNDECLARED_SELECTOR = YES;
				GCC_WARN_UNINITIALIZED_AUTOS = YES_AGGRESSIVE;
				GCC_WARN_UNUSED_FUNCTION = YES;
				GCC_WARN_UNUSED_VARIABLE = YES;
				IPHONEOS_DEPLOYMENT_TARGET = 11.0;
				MTL_ENABLE_DEBUG_INFO = YES;
				ONLY_ACTIVE_ARCH = YES;
				SDKROOT = iphoneos;
				SWIFT_ACTIVE_COMPILATION_CONDITIONS = DEBUG;
				SWIFT_OPTIMIZATION_LEVEL = "-Onone";
			};
			name = Debug;
		};
		4640A8841EFF7E1E00258CDE /* Release */ = {
			isa = XCBuildConfiguration;
			buildSettings = {
				ALWAYS_SEARCH_USER_PATHS = NO;
				CLANG_ANALYZER_NONNULL = YES;
				CLANG_ANALYZER_NUMBER_OBJECT_CONVERSION = YES_AGGRESSIVE;
				CLANG_CXX_LANGUAGE_STANDARD = "gnu++14";
				CLANG_CXX_LIBRARY = "libc++";
				CLANG_ENABLE_MODULES = YES;
				CLANG_ENABLE_OBJC_ARC = YES;
				CLANG_WARN_BLOCK_CAPTURE_AUTORELEASING = YES;
				CLANG_WARN_BOOL_CONVERSION = YES;
				CLANG_WARN_COMMA = YES;
				CLANG_WARN_CONSTANT_CONVERSION = YES;
				CLANG_WARN_DIRECT_OBJC_ISA_USAGE = YES_ERROR;
				CLANG_WARN_DOCUMENTATION_COMMENTS = YES;
				CLANG_WARN_EMPTY_BODY = YES;
				CLANG_WARN_ENUM_CONVERSION = YES;
				CLANG_WARN_INFINITE_RECURSION = YES;
				CLANG_WARN_INT_CONVERSION = YES;
				CLANG_WARN_OBJC_ROOT_CLASS = YES_ERROR;
				CLANG_WARN_RANGE_LOOP_ANALYSIS = YES;
				CLANG_WARN_STRICT_PROTOTYPES = YES;
				CLANG_WARN_SUSPICIOUS_MOVE = YES;
				CLANG_WARN_UNGUARDED_AVAILABILITY = YES_AGGRESSIVE;
				CLANG_WARN_UNREACHABLE_CODE = YES;
				CLANG_WARN__DUPLICATE_METHOD_MATCH = YES;
				CODE_SIGN_IDENTITY = "iPhone Developer";
				COPY_PHASE_STRIP = NO;
				DEBUG_INFORMATION_FORMAT = "dwarf-with-dsym";
				ENABLE_NS_ASSERTIONS = NO;
				ENABLE_STRICT_OBJC_MSGSEND = YES;
				GCC_C_LANGUAGE_STANDARD = gnu11;
				GCC_NO_COMMON_BLOCKS = YES;
				GCC_WARN_64_TO_32_BIT_CONVERSION = YES;
				GCC_WARN_ABOUT_RETURN_TYPE = YES_ERROR;
				GCC_WARN_UNDECLARED_SELECTOR = YES;
				GCC_WARN_UNINITIALIZED_AUTOS = YES_AGGRESSIVE;
				GCC_WARN_UNUSED_FUNCTION = YES;
				GCC_WARN_UNUSED_VARIABLE = YES;
				IPHONEOS_DEPLOYMENT_TARGET = 11.0;
				MTL_ENABLE_DEBUG_INFO = NO;
				SDKROOT = iphoneos;
				SWIFT_OPTIMIZATION_LEVEL = "-Owholemodule";
				VALIDATE_PRODUCT = YES;
			};
			name = Release;
		};
		4640A8861EFF7E1E00258CDE /* Debug */ = {
			isa = XCBuildConfiguration;
			buildSettings = {
				ASSETCATALOG_COMPILER_APPICON_NAME = AppIcon;
				DEVELOPMENT_TEAM = NTDRU2P6T4;
				INFOPLIST_FILE = YJRead/Info.plist;
				LD_RUNPATH_SEARCH_PATHS = "$(inherited) @executable_path/Frameworks";
				PRODUCT_BUNDLE_IDENTIFIER = mxin.YJRead;
				PRODUCT_NAME = "$(TARGET_NAME)";
				SWIFT_VERSION = 4.0;
				TARGETED_DEVICE_FAMILY = "1,2";
			};
			name = Debug;
		};
		4640A8871EFF7E1E00258CDE /* Release */ = {
			isa = XCBuildConfiguration;
			buildSettings = {
				ASSETCATALOG_COMPILER_APPICON_NAME = AppIcon;
				DEVELOPMENT_TEAM = NTDRU2P6T4;
				INFOPLIST_FILE = YJRead/Info.plist;
				LD_RUNPATH_SEARCH_PATHS = "$(inherited) @executable_path/Frameworks";
				PRODUCT_BUNDLE_IDENTIFIER = mxin.YJRead;
				PRODUCT_NAME = "$(TARGET_NAME)";
				SWIFT_VERSION = 4.0;
				TARGETED_DEVICE_FAMILY = "1,2";
			};
			name = Release;
		};
/* End XCBuildConfiguration section */

/* Begin XCConfigurationList section */
		4640A86E1EFF7E1E00258CDE /* Build configuration list for PBXProject "YJRead" */ = {
			isa = XCConfigurationList;
			buildConfigurations = (
				4640A8831EFF7E1E00258CDE /* Debug */,
				4640A8841EFF7E1E00258CDE /* Release */,
			);
			defaultConfigurationIsVisible = 0;
			defaultConfigurationName = Release;
		};
		4640A8851EFF7E1E00258CDE /* Build configuration list for PBXNativeTarget "YJRead" */ = {
			isa = XCConfigurationList;
			buildConfigurations = (
				4640A8861EFF7E1E00258CDE /* Debug */,
				4640A8871EFF7E1E00258CDE /* Release */,
			);
			defaultConfigurationIsVisible = 0;
			defaultConfigurationName = Release;
		};
/* End XCConfigurationList section */
	};
	rootObject = 4640A86B1EFF7E1E00258CDE /* Project object */;
}
