// !$*UTF8*$!
{
	archiveVersion = 1;
	classes = {
	};
	objectVersion = 48;
	objects = {

/* Begin PBXBuildFile section */
		46018A3E22817989000D7717 /* MRYWArticalResource.swift in Sources */ = {isa = PBXBuildFile; fileRef = 46018A3D22817989000D7717 /* MRYWArticalResource.swift */; };
		461F642125223A3500F2AFA6 /* YJTextView.swift in Sources */ = {isa = PBXBuildFile; fileRef = 461F642025223A3500F2AFA6 /* YJTextView.swift */; };
		4640A8771EFF7E1E00258CDE /* AppDelegate.swift in Sources */ = {isa = PBXBuildFile; fileRef = 4640A8761EFF7E1E00258CDE /* AppDelegate.swift */; };
		4640A8791EFF7E1E00258CDE /* ViewController.swift in Sources */ = {isa = PBXBuildFile; fileRef = 4640A8781EFF7E1E00258CDE /* ViewController.swift */; };
		4640A87C1EFF7E1E00258CDE /* Main.storyboard in Resources */ = {isa = PBXBuildFile; fileRef = 4640A87A1EFF7E1E00258CDE /* Main.storyboard */; };
		4640A87E1EFF7E1E00258CDE /* Assets.xcassets in Resources */ = {isa = PBXBuildFile; fileRef = 4640A87D1EFF7E1E00258CDE /* Assets.xcassets */; };
		4640A8811EFF7E1E00258CDE /* LaunchScreen.storyboard in Resources */ = {isa = PBXBuildFile; fileRef = 4640A87F1EFF7E1E00258CDE /* LaunchScreen.storyboard */; };
		465EBC4D2521982E00BFC0E8 /* ArticalModel.swift in Sources */ = {isa = PBXBuildFile; fileRef = 465EBC4C2521982E00BFC0E8 /* ArticalModel.swift */; };
		465EBC5125219F0E00BFC0E8 /* ArticalModelLoader.swift in Sources */ = {isa = PBXBuildFile; fileRef = 465EBC5025219F0E00BFC0E8 /* ArticalModelLoader.swift */; };
		465EBC5B2521F9C500BFC0E8 /* MainHeaderView.swift in Sources */ = {isa = PBXBuildFile; fileRef = 465EBC5A2521F9C500BFC0E8 /* MainHeaderView.swift */; };
		465EBC5F2521FADA00BFC0E8 /* MainHeaderView.xib in Resources */ = {isa = PBXBuildFile; fileRef = 465EBC5E2521FADA00BFC0E8 /* MainHeaderView.xib */; };
		46BF6DF8252096AB00D4060C /* DataParseTests.swift in Sources */ = {isa = PBXBuildFile; fileRef = 46BF6DF7252096AB00D4060C /* DataParseTests.swift */; };
		46D59544227866110033FA56 /* WebService.swift in Sources */ = {isa = PBXBuildFile; fileRef = 46D59543227866110033FA56 /* WebService.swift */; };
/* End PBXBuildFile section */

/* Begin PBXContainerItemProxy section */
		46BF6DFA252096AB00D4060C /* PBXContainerItemProxy */ = {
			isa = PBXContainerItemProxy;
			containerPortal = 4640A86B1EFF7E1E00258CDE /* Project object */;
			proxyType = 1;
			remoteGlobalIDString = 4640A8721EFF7E1E00258CDE;
			remoteInfo = YJRead;
		};
/* End PBXContainerItemProxy section */

/* Begin PBXFileReference section */
		46018A3D22817989000D7717 /* MRYWArticalResource.swift */ = {isa = PBXFileReference; lastKnownFileType = sourcecode.swift; path = MRYWArticalResource.swift; sourceTree = "<group>"; };
		461F642025223A3500F2AFA6 /* YJTextView.swift */ = {isa = PBXFileReference; lastKnownFileType = sourcecode.swift; path = YJTextView.swift; sourceTree = "<group>"; };
		4640A8731EFF7E1E00258CDE /* YJRead.app */ = {isa = PBXFileReference; explicitFileType = wrapper.application; includeInIndex = 0; path = YJRead.app; sourceTree = BUILT_PRODUCTS_DIR; };
		4640A8761EFF7E1E00258CDE /* AppDelegate.swift */ = {isa = PBXFileReference; lastKnownFileType = sourcecode.swift; path = AppDelegate.swift; sourceTree = "<group>"; };
		4640A8781EFF7E1E00258CDE /* ViewController.swift */ = {isa = PBXFileReference; lastKnownFileType = sourcecode.swift; path = ViewController.swift; sourceTree = "<group>"; };
		4640A87B1EFF7E1E00258CDE /* Base */ = {isa = PBXFileReference; lastKnownFileType = file.storyboard; name = Base; path = Base.lproj/Main.storyboard; sourceTree = "<group>"; };
		4640A87D1EFF7E1E00258CDE /* Assets.xcassets */ = {isa = PBXFileReference; lastKnownFileType = folder.assetcatalog; path = Assets.xcassets; sourceTree = "<group>"; };
		4640A8801EFF7E1E00258CDE /* Base */ = {isa = PBXFileReference; lastKnownFileType = file.storyboard; name = Base; path = Base.lproj/LaunchScreen.storyboard; sourceTree = "<group>"; };
		4640A8821EFF7E1E00258CDE /* Info.plist */ = {isa = PBXFileReference; lastKnownFileType = text.plist.xml; path = Info.plist; sourceTree = "<group>"; };
		465EBC4C2521982E00BFC0E8 /* ArticalModel.swift */ = {isa = PBXFileReference; lastKnownFileType = sourcecode.swift; path = ArticalModel.swift; sourceTree = "<group>"; };
		465EBC5025219F0E00BFC0E8 /* ArticalModelLoader.swift */ = {isa = PBXFileReference; lastKnownFileType = sourcecode.swift; path = ArticalModelLoader.swift; sourceTree = "<group>"; };
		465EBC5A2521F9C500BFC0E8 /* MainHeaderView.swift */ = {isa = PBXFileReference; lastKnownFileType = sourcecode.swift; path = MainHeaderView.swift; sourceTree = "<group>"; };
		465EBC5E2521FADA00BFC0E8 /* MainHeaderView.xib */ = {isa = PBXFileReference; lastKnownFileType = file.xib; path = MainHeaderView.xib; sourceTree = "<group>"; };
		46BF6DF5252096AB00D4060C /* YJReadTests.xctest */ = {isa = PBXFileReference; explicitFileType = wrapper.cfbundle; includeInIndex = 0; path = YJReadTests.xctest; sourceTree = BUILT_PRODUCTS_DIR; };
		46BF6DF7252096AB00D4060C /* DataParseTests.swift */ = {isa = PBXFileReference; lastKnownFileType = sourcecode.swift; path = DataParseTests.swift; sourceTree = "<group>"; };
		46BF6DF9252096AB00D4060C /* Info.plist */ = {isa = PBXFileReference; lastKnownFileType = text.plist.xml; path = Info.plist; sourceTree = "<group>"; };
		46D59543227866110033FA56 /* WebService.swift */ = {isa = PBXFileReference; lastKnownFileType = sourcecode.swift; path = WebService.swift; sourceTree = "<group>"; };
/* End PBXFileReference section */

/* Begin PBXFrameworksBuildPhase section */
		4640A8701EFF7E1E00258CDE /* Frameworks */ = {
			isa = PBXFrameworksBuildPhase;
			buildActionMask = 2147483647;
			files = (
			);
			runOnlyForDeploymentPostprocessing = 0;
		};
		46BF6DF2252096AB00D4060C /* Frameworks */ = {
			isa = PBXFrameworksBuildPhase;
			buildActionMask = 2147483647;
			files = (
			);
			runOnlyForDeploymentPostprocessing = 0;
		};
/* End PBXFrameworksBuildPhase section */

/* Begin PBXGroup section */
		4640A86A1EFF7E1E00258CDE = {
			isa = PBXGroup;
			children = (
				4640A8751EFF7E1E00258CDE /* YJRead */,
				46BF6DF6252096AB00D4060C /* YJReadTests */,
				4640A8741EFF7E1E00258CDE /* Products */,
			);
			sourceTree = "<group>";
		};
		4640A8741EFF7E1E00258CDE /* Products */ = {
			isa = PBXGroup;
			children = (
				4640A8731EFF7E1E00258CDE /* YJRead.app */,
				46BF6DF5252096AB00D4060C /* YJReadTests.xctest */,
			);
			name = Products;
			sourceTree = "<group>";
		};
		4640A8751EFF7E1E00258CDE /* YJRead */ = {
			isa = PBXGroup;
			children = (
				465EBC592521F99200BFC0E8 /* View */,
				465420AF252195C60059AA5C /* Service */,
				465420AE252195B60059AA5C /* Model */,
				4640A8761EFF7E1E00258CDE /* AppDelegate.swift */,
				4640A8781EFF7E1E00258CDE /* ViewController.swift */,
				4640A87A1EFF7E1E00258CDE /* Main.storyboard */,
				4640A87D1EFF7E1E00258CDE /* Assets.xcassets */,
				4640A87F1EFF7E1E00258CDE /* LaunchScreen.storyboard */,
				4640A8821EFF7E1E00258CDE /* Info.plist */,
			);
			path = YJRead;
			sourceTree = "<group>";
		};
		465420AE252195B60059AA5C /* Model */ = {
			isa = PBXGroup;
			children = (
				46018A3D22817989000D7717 /* MRYWArticalResource.swift */,
				465EBC4C2521982E00BFC0E8 /* ArticalModel.swift */,
			);
			path = Model;
			sourceTree = "<group>";
		};
		465420AF252195C60059AA5C /* Service */ = {
			isa = PBXGroup;
			children = (
				46D59543227866110033FA56 /* WebService.swift */,
				465EBC5025219F0E00BFC0E8 /* ArticalModelLoader.swift */,
			);
			path = Service;
			sourceTree = "<group>";
		};
		465EBC592521F99200BFC0E8 /* View */ = {
			isa = PBXGroup;
			children = (
				465EBC5A2521F9C500BFC0E8 /* MainHeaderView.swift */,
				465EBC5E2521FADA00BFC0E8 /* MainHeaderView.xib */,
				461F642025223A3500F2AFA6 /* YJTextView.swift */,
			);
			path = View;
			sourceTree = "<group>";
		};
		46BF6DF6252096AB00D4060C /* YJReadTests */ = {
			isa = PBXGroup;
			children = (
				46BF6DF7252096AB00D4060C /* DataParseTests.swift */,
				46BF6DF9252096AB00D4060C /* Info.plist */,
			);
			path = YJReadTests;
			sourceTree = "<group>";
		};
/* End PBXGroup section */

/* Begin PBXNativeTarget section */
		4640A8721EFF7E1E00258CDE /* YJRead */ = {
			isa = PBXNativeTarget;
			buildConfigurationList = 4640A8851EFF7E1E00258CDE /* Build configuration list for PBXNativeTarget "YJRead" */;
			buildPhases = (
				4640A86F1EFF7E1E00258CDE /* Sources */,
				4640A8701EFF7E1E00258CDE /* Frameworks */,
				4640A8711EFF7E1E00258CDE /* Resources */,
			);
			buildRules = (
			);
			dependencies = (
			);
			name = YJRead;
			productName = YJRead;
			productReference = 4640A8731EFF7E1E00258CDE /* YJRead.app */;
			productType = "com.apple.product-type.application";
		};
		46BF6DF4252096AB00D4060C /* YJReadTests */ = {
			isa = PBXNativeTarget;
			buildConfigurationList = 46BF6DFC252096AB00D4060C /* Build configuration list for PBXNativeTarget "YJReadTests" */;
			buildPhases = (
				46BF6DF1252096AB00D4060C /* Sources */,
				46BF6DF2252096AB00D4060C /* Frameworks */,
				46BF6DF3252096AB00D4060C /* Resources */,
			);
			buildRules = (
			);
			dependencies = (
				46BF6DFB252096AB00D4060C /* PBXTargetDependency */,
			);
			name = YJReadTests;
			productName = YJReadTests;
			productReference = 46BF6DF5252096AB00D4060C /* YJReadTests.xctest */;
			productType = "com.apple.product-type.bundle.unit-test";
		};
/* End PBXNativeTarget section */

/* Begin PBXProject section */
		4640A86B1EFF7E1E00258CDE /* Project object */ = {
			isa = PBXProject;
			attributes = {
				LastSwiftUpdateCheck = 1200;
				LastUpgradeCheck = 1200;
				ORGANIZATIONNAME = mx_in;
				TargetAttributes = {
					4640A8721EFF7E1E00258CDE = {
						CreatedOnToolsVersion = 9.0;
						LastSwiftMigration = 1200;
					};
					46BF6DF4252096AB00D4060C = {
						CreatedOnToolsVersion = 12.0;
						ProvisioningStyle = Automatic;
						TestTargetID = 4640A8721EFF7E1E00258CDE;
					};
				};
			};
			buildConfigurationList = 4640A86E1EFF7E1E00258CDE /* Build configuration list for PBXProject "YJRead" */;
			compatibilityVersion = "Xcode 8.0";
			developmentRegion = en;
			hasScannedForEncodings = 0;
			knownRegions = (
				en,
				Base,
			);
			mainGroup = 4640A86A1EFF7E1E00258CDE;
			productRefGroup = 4640A8741EFF7E1E00258CDE /* Products */;
			projectDirPath = "";
			projectRoot = "";
			targets = (
				4640A8721EFF7E1E00258CDE /* YJRead */,
				46BF6DF4252096AB00D4060C /* YJReadTests */,
			);
		};
/* End PBXProject section */

/* Begin PBXResourcesBuildPhase section */
		4640A8711EFF7E1E00258CDE /* Resources */ = {
			isa = PBXResourcesBuildPhase;
			buildActionMask = 2147483647;
			files = (
				465EBC5F2521FADA00BFC0E8 /* MainHeaderView.xib in Resources */,
				4640A8811EFF7E1E00258CDE /* LaunchScreen.storyboard in Resources */,
				4640A87E1EFF7E1E00258CDE /* Assets.xcassets in Resources */,
				4640A87C1EFF7E1E00258CDE /* Main.storyboard in Resources */,
			);
			runOnlyForDeploymentPostprocessing = 0;
		};
		46BF6DF3252096AB00D4060C /* Resources */ = {
			isa = PBXResourcesBuildPhase;
			buildActionMask = 2147483647;
			files = (
			);
			runOnlyForDeploymentPostprocessing = 0;
		};
/* End PBXResourcesBuildPhase section */

/* Begin PBXSourcesBuildPhase section */
		4640A86F1EFF7E1E00258CDE /* Sources */ = {
			isa = PBXSourcesBuildPhase;
			buildActionMask = 2147483647;
			files = (
				461F642125223A3500F2AFA6 /* YJTextView.swift in Sources */,
				465EBC4D2521982E00BFC0E8 /* ArticalModel.swift in Sources */,
				46018A3E22817989000D7717 /* MRYWArticalResource.swift in Sources */,
				4640A8791EFF7E1E00258CDE /* ViewController.swift in Sources */,
				46D59544227866110033FA56 /* WebService.swift in Sources */,
				465EBC5B2521F9C500BFC0E8 /* MainHeaderView.swift in Sources */,
				4640A8771EFF7E1E00258CDE /* AppDelegate.swift in Sources */,
				465EBC5125219F0E00BFC0E8 /* ArticalModelLoader.swift in Sources */,
			);
			runOnlyForDeploymentPostprocessing = 0;
		};
		46BF6DF1252096AB00D4060C /* Sources */ = {
			isa = PBXSourcesBuildPhase;
			buildActionMask = 2147483647;
			files = (
				46BF6DF8252096AB00D4060C /* DataParseTests.swift in Sources */,
			);
			runOnlyForDeploymentPostprocessing = 0;
		};
/* End PBXSourcesBuildPhase section */

/* Begin PBXTargetDependency section */
		46BF6DFB252096AB00D4060C /* PBXTargetDependency */ = {
			isa = PBXTargetDependency;
			target = 4640A8721EFF7E1E00258CDE /* YJRead */;
			targetProxy = 46BF6DFA252096AB00D4060C /* PBXContainerItemProxy */;
		};
/* End PBXTargetDependency section */

/* Begin PBXVariantGroup section */
		4640A87A1EFF7E1E00258CDE /* Main.storyboard */ = {
			isa = PBXVariantGroup;
			children = (
				4640A87B1EFF7E1E00258CDE /* Base */,
			);
			name = Main.storyboard;
			sourceTree = "<group>";
		};
		4640A87F1EFF7E1E00258CDE /* LaunchScreen.storyboard */ = {
			isa = PBXVariantGroup;
			children = (
				4640A8801EFF7E1E00258CDE /* Base */,
			);
			name = LaunchScreen.storyboard;
			sourceTree = "<group>";
		};
/* End PBXVariantGroup section */

/* Begin XCBuildConfiguration section */
		4640A8831EFF7E1E00258CDE /* Debug */ = {
			isa = XCBuildConfiguration;
			buildSettings = {
				ALWAYS_SEARCH_USER_PATHS = NO;
				CLANG_ANALYZER_NONNULL = YES;
				CLANG_ANALYZER_NUMBER_OBJECT_CONVERSION = YES_AGGRESSIVE;
				CLANG_CXX_LANGUAGE_STANDARD = "gnu++14";
				CLANG_CXX_LIBRARY = "libc++";
				CLANG_ENABLE_MODULES = YES;
				CLANG_ENABLE_OBJC_ARC = YES;
				CLANG_WARN_BLOCK_CAPTURE_AUTORELEASING = YES;
				CLANG_WARN_BOOL_CONVERSION = YES;
				CLANG_WARN_COMMA = YES;
				CLANG_WARN_CONSTANT_CONVERSION = YES;
				CLANG_WARN_DEPRECATED_OBJC_IMPLEMENTATIONS = YES;
				CLANG_WARN_DIRECT_OBJC_ISA_USAGE = YES_ERROR;
				CLANG_WARN_DOCUMENTATION_COMMENTS = YES;
				CLANG_WARN_EMPTY_BODY = YES;
				CLANG_WARN_ENUM_CONVERSION = YES;
				CLANG_WARN_INFINITE_RECURSION = YES;
				CLANG_WARN_INT_CONVERSION = YES;
				CLANG_WARN_NON_LITERAL_NULL_CONVERSION = YES;
				CLANG_WARN_OBJC_IMPLICIT_RETAIN_SELF = YES;
				CLANG_WARN_OBJC_LITERAL_CONVERSION = YES;
				CLANG_WARN_OBJC_ROOT_CLASS = YES_ERROR;
				CLANG_WARN_QUOTED_INCLUDE_IN_FRAMEWORK_HEADER = YES;
				CLANG_WARN_RANGE_LOOP_ANALYSIS = YES;
				CLANG_WARN_STRICT_PROTOTYPES = YES;
				CLANG_WARN_SUSPICIOUS_MOVE = YES;
				CLANG_WARN_UNGUARDED_AVAILABILITY = YES_AGGRESSIVE;
				CLANG_WARN_UNREACHABLE_CODE = YES;
				CLANG_WARN__DUPLICATE_METHOD_MATCH = YES;
				CODE_SIGN_IDENTITY = "iPhone Developer";
				COPY_PHASE_STRIP = NO;
				DEBUG_INFORMATION_FORMAT = dwarf;
				ENABLE_STRICT_OBJC_MSGSEND = YES;
				ENABLE_TESTABILITY = YES;
				GCC_C_LANGUAGE_STANDARD = gnu11;
				GCC_DYNAMIC_NO_PIC = NO;
				GCC_NO_COMMON_BLOCKS = YES;
				GCC_OPTIMIZATION_LEVEL = 0;
				GCC_PREPROCESSOR_DEFINITIONS = (
					"DEBUG=1",
					"$(inherited)",
				);
				GCC_WARN_64_TO_32_BIT_CONVERSION = YES;
				GCC_WARN_ABOUT_RETURN_TYPE = YES_ERROR;
				GCC_WARN_UNDECLARED_SELECTOR = YES;
				GCC_WARN_UNINITIALIZED_AUTOS = YES_AGGRESSIVE;
				GCC_WARN_UNUSED_FUNCTION = YES;
				GCC_WARN_UNUSED_VARIABLE = YES;
				IPHONEOS_DEPLOYMENT_TARGET = 12.0;
				MTL_ENABLE_DEBUG_INFO = YES;
				ONLY_ACTIVE_ARCH = YES;
				SDKROOT = iphoneos;
				SWIFT_ACTIVE_COMPILATION_CONDITIONS = DEBUG;
				SWIFT_OPTIMIZATION_LEVEL = "-Onone";
			};
			name = Debug;
		};
		4640A8841EFF7E1E00258CDE /* Release */ = {
			isa = XCBuildConfiguration;
			buildSettings = {
				ALWAYS_SEARCH_USER_PATHS = NO;
				CLANG_ANALYZER_NONNULL = YES;
				CLANG_ANALYZER_NUMBER_OBJECT_CONVERSION = YES_AGGRESSIVE;
				CLANG_CXX_LANGUAGE_STANDARD = "gnu++14";
				CLANG_CXX_LIBRARY = "libc++";
				CLANG_ENABLE_MODULES = YES;
				CLANG_ENABLE_OBJC_ARC = YES;
				CLANG_WARN_BLOCK_CAPTURE_AUTORELEASING = YES;
				CLANG_WARN_BOOL_CONVERSION = YES;
				CLANG_WARN_COMMA = YES;
				CLANG_WARN_CONSTANT_CONVERSION = YES;
				CLANG_WARN_DEPRECATED_OBJC_IMPLEMENTATIONS = YES;
				CLANG_WARN_DIRECT_OBJC_ISA_USAGE = YES_ERROR;
				CLANG_WARN_DOCUMENTATION_COMMENTS = YES;
				CLANG_WARN_EMPTY_BODY = YES;
				CLANG_WARN_ENUM_CONVERSION = YES;
				CLANG_WARN_INFINITE_RECURSION = YES;
				CLANG_WARN_INT_CONVERSION = YES;
				CLANG_WARN_NON_LITERAL_NULL_CONVERSION = YES;
				CLANG_WARN_OBJC_IMPLICIT_RETAIN_SELF = YES;
				CLANG_WARN_OBJC_LITERAL_CONVERSION = YES;
				CLANG_WARN_OBJC_ROOT_CLASS = YES_ERROR;
				CLANG_WARN_QUOTED_INCLUDE_IN_FRAMEWORK_HEADER = YES;
				CLANG_WARN_RANGE_LOOP_ANALYSIS = YES;
				CLANG_WARN_STRICT_PROTOTYPES = YES;
				CLANG_WARN_SUSPICIOUS_MOVE = YES;
				CLANG_WARN_UNGUARDED_AVAILABILITY = YES_AGGRESSIVE;
				CLANG_WARN_UNREACHABLE_CODE = YES;
				CLANG_WARN__DUPLICATE_METHOD_MATCH = YES;
				CODE_SIGN_IDENTITY = "iPhone Developer";
				COPY_PHASE_STRIP = NO;
				DEBUG_INFORMATION_FORMAT = "dwarf-with-dsym";
				ENABLE_NS_ASSERTIONS = NO;
				ENABLE_STRICT_OBJC_MSGSEND = YES;
				GCC_C_LANGUAGE_STANDARD = gnu11;
				GCC_NO_COMMON_BLOCKS = YES;
				GCC_WARN_64_TO_32_BIT_CONVERSION = YES;
				GCC_WARN_ABOUT_RETURN_TYPE = YES_ERROR;
				GCC_WARN_UNDECLARED_SELECTOR = YES;
				GCC_WARN_UNINITIALIZED_AUTOS = YES_AGGRESSIVE;
				GCC_WARN_UNUSED_FUNCTION = YES;
				GCC_WARN_UNUSED_VARIABLE = YES;
				IPHONEOS_DEPLOYMENT_TARGET = 12.0;
				MTL_ENABLE_DEBUG_INFO = NO;
				SDKROOT = iphoneos;
				SWIFT_OPTIMIZATION_LEVEL = "-Owholemodule";
				VALIDATE_PRODUCT = YES;
			};
			name = Release;
		};
		4640A8861EFF7E1E00258CDE /* Debug */ = {
			isa = XCBuildConfiguration;
			buildSettings = {
				ASSETCATALOG_COMPILER_APPICON_NAME = AppIcon;
				DEVELOPMENT_TEAM = R24YD8KS22;
				INFOPLIST_FILE = YJRead/Info.plist;
				LD_RUNPATH_SEARCH_PATHS = "$(inherited) @executable_path/Frameworks";
				PRODUCT_BUNDLE_IDENTIFIER = com.mxin.YJRead;
				PRODUCT_NAME = "$(TARGET_NAME)";
				SWIFT_VERSION = 5.0;
				TARGETED_DEVICE_FAMILY = 1;
			};
			name = Debug;
		};
		4640A8871EFF7E1E00258CDE /* Release */ = {
			isa = XCBuildConfiguration;
			buildSettings = {
				ASSETCATALOG_COMPILER_APPICON_NAME = AppIcon;
				DEVELOPMENT_TEAM = R24YD8KS22;
				INFOPLIST_FILE = YJRead/Info.plist;
				LD_RUNPATH_SEARCH_PATHS = "$(inherited) @executable_path/Frameworks";
				PRODUCT_BUNDLE_IDENTIFIER = com.mxin.YJRead;
				PRODUCT_NAME = "$(TARGET_NAME)";
				SWIFT_VERSION = 5.0;
				TARGETED_DEVICE_FAMILY = 1;
			};
			name = Release;
		};
		46BF6DFD252096AB00D4060C /* Debug */ = {
			isa = XCBuildConfiguration;
			buildSettings = {
				BUNDLE_LOADER = "$(TEST_HOST)";
				CLANG_ENABLE_OBJC_WEAK = YES;
				CODE_SIGN_STYLE = Automatic;
				DEVELOPMENT_TEAM = D27QQH72P5;
				INFOPLIST_FILE = YJReadTests/Info.plist;
				IPHONEOS_DEPLOYMENT_TARGET = 12.0;
				LD_RUNPATH_SEARCH_PATHS = "$(inherited) @executable_path/Frameworks @loader_path/Frameworks";
				MTL_ENABLE_DEBUG_INFO = INCLUDE_SOURCE;
				MTL_FAST_MATH = YES;
				PRODUCT_BUNDLE_IDENTIFIER = mx.YJReadTests;
				PRODUCT_NAME = "$(TARGET_NAME)";
				SWIFT_VERSION = 5.0;
				TARGETED_DEVICE_FAMILY = "1,2";
				TEST_HOST = "$(BUILT_PRODUCTS_DIR)/YJRead.app/YJRead";
			};
			name = Debug;
		};
		46BF6DFE252096AB00D4060C /* Release */ = {
			isa = XCBuildConfiguration;
			buildSettings = {
				BUNDLE_LOADER = "$(TEST_HOST)";
				CLANG_ENABLE_OBJC_WEAK = YES;
				CODE_SIGN_STYLE = Automatic;
				DEVELOPMENT_TEAM = D27QQH72P5;
				INFOPLIST_FILE = YJReadTests/Info.plist;
				IPHONEOS_DEPLOYMENT_TARGET = 12.0;
				LD_RUNPATH_SEARCH_PATHS = "$(inherited) @executable_path/Frameworks @loader_path/Frameworks";
				MTL_FAST_MATH = YES;
				PRODUCT_BUNDLE_IDENTIFIER = mx.YJReadTests;
				PRODUCT_NAME = "$(TARGET_NAME)";
				SWIFT_VERSION = 5.0;
				TARGETED_DEVICE_FAMILY = "1,2";
				TEST_HOST = "$(BUILT_PRODUCTS_DIR)/YJRead.app/YJRead";
			};
			name = Release;
		};
/* End XCBuildConfiguration section */

/* Begin XCConfigurationList section */
		4640A86E1EFF7E1E00258CDE /* Build configuration list for PBXProject "YJRead" */ = {
			isa = XCConfigurationList;
			buildConfigurations = (
				4640A8831EFF7E1E00258CDE /* Debug */,
				4640A8841EFF7E1E00258CDE /* Release */,
			);
			defaultConfigurationIsVisible = 0;
			defaultConfigurationName = Release;
		};
		4640A8851EFF7E1E00258CDE /* Build configuration list for PBXNativeTarget "YJRead" */ = {
			isa = XCConfigurationList;
			buildConfigurations = (
				4640A8861EFF7E1E00258CDE /* Debug */,
				4640A8871EFF7E1E00258CDE /* Release */,
			);
			defaultConfigurationIsVisible = 0;
			defaultConfigurationName = Release;
		};
		46BF6DFC252096AB00D4060C /* Build configuration list for PBXNativeTarget "YJReadTests" */ = {
			isa = XCConfigurationList;
			buildConfigurations = (
				46BF6DFD252096AB00D4060C /* Debug */,
				46BF6DFE252096AB00D4060C /* Release */,
			);
			defaultConfigurationIsVisible = 0;
			defaultConfigurationName = Release;
		};
/* End XCConfigurationList section */
	};
	rootObject = 4640A86B1EFF7E1E00258CDE /* Project object */;
}
